
Microsoft Visual Studio Solution File, Format Version 12.00
# Visual Studio Version 17
VisualStudioVersion = 17.4.33103.184
MinimumVisualStudioVersion = 10.0.40219.1
Project("{FAE04EC0-301F-11D3-BF4B-00C04F79EFBC}") = "Demo.Server", "Demo\Server\Demo.Server.csproj", "{223F2C3C-AE98-4DA3-AD65-8AE4183B1275}"
EndProject
Project("{FAE04EC0-301F-11D3-BF4B-00C04F79EFBC}") = "Demo.Client", "Demo\Client\Demo.Client.csproj", "{0CC4AA3A-5FAD-4E4D-955C-745F26ECA3C0}"
EndProject
Project("{FAE04EC0-301F-11D3-BF4B-00C04F79EFBC}") = "Demo.Shared", "Demo\Shared\Demo.Shared.csproj", "{BC915C1B-D859-41A0-93FB-C3AC569C07C4}"
EndProject
Global
	GlobalSection(SolutionConfigurationPlatforms) = preSolution
		Debug|Any CPU = Debug|Any CPU
		Release|Any CPU = Release|Any CPU
	EndGlobalSection
	GlobalSection(ProjectConfigurationPlatforms) = postSolution
		{223F2C3C-AE98-4DA3-AD65-8AE4183B1275}.Debug|Any CPU.ActiveCfg = Debug|Any CPU
		{223F2C3C-AE98-4DA3-AD65-8AE4183B1275}.Debug|Any CPU.Build.0 = Debug|Any CPU
		{223F2C3C-AE98-4DA3-AD65-8AE4183B1275}.Release|Any CPU.ActiveCfg = Release|Any CPU
		{223F2C3C-AE98-4DA3-AD65-8AE4183B1275}.Release|Any CPU.Build.0 = Release|Any CPU
		{0CC4AA3A-5FAD-4E4D-955C-745F26ECA3C0}.Debug|Any CPU.ActiveCfg = Debug|Any CPU
		{0CC4AA3A-5FAD-4E4D-955C-745F26ECA3C0}.Debug|Any CPU.Build.0 = Debug|Any CPU
		{0CC4AA3A-5FAD-4E4D-955C-745F26ECA3C0}.Release|Any CPU.ActiveCfg = Release|Any CPU
		{0CC4AA3A-5FAD-4E4D-955C-745F26ECA3C0}.Release|Any CPU.Build.0 = Release|Any CPU
		{BC915C1B-D859-41A0-93FB-C3AC569C07C4}.Debug|Any CPU.ActiveCfg = Debug|Any CPU
		{BC915C1B-D859-41A0-93FB-C3AC569C07C4}.Debug|Any CPU.Build.0 = Debug|Any CPU
		{BC915C1B-D859-41A0-93FB-C3AC569C07C4}.Release|Any CPU.ActiveCfg = Release|Any CPU
		{BC915C1B-D859-41A0-93FB-C3AC569C07C4}.Release|Any CPU.Build.0 = Release|Any CPU
	EndGlobalSection
	GlobalSection(SolutionProperties) = preSolution
		HideSolutionNode = FALSE
	EndGlobalSection
	GlobalSection(ExtensibilityGlobals) = postSolution
		SolutionGuid = {5DE12DD2-864E-4E9B-9883-529D892DE3BE}
	EndGlobalSection
EndGlobal
